
Microsoft Visual Studio Solution File, Format Version 12.00
# Visual Studio Version 17
VisualStudioVersion = 17.4.33205.214
MinimumVisualStudioVersion = 10.0.40219.1
Project("{FAE04EC0-301F-11D3-BF4B-00C04F79EFBC}") = "Billing_System", "Billing_System\Billing_System.csproj", "{325AE08D-EC9E-4552-9600-E54E09451DFE}"
EndProject
Project("{FAE04EC0-301F-11D3-BF4B-00C04F79EFBC}") = "Base", "Billing_System\Base\Base.csproj", "{071D215E-94A9-442B-AC90-F4055D913961}"
EndProject
Project("{FAE04EC0-301F-11D3-BF4B-00C04F79EFBC}") = "MainContainer", "Billing_System\MainContainer\MainContainer.csproj", "{2A7D5F0D-A80F-46C4-B38A-24503FBC29FA}"
EndProject
Project("{FAE04EC0-301F-11D3-BF4B-00C04F79EFBC}") = "Maintenance", "Maintenance\Maintenance.csproj", "{0B273D62-E771-4578-901C-D0B86E34F476}"
EndProject
Project("{FAE04EC0-301F-11D3-BF4B-00C04F79EFBC}") = "Billing", "Billing\Billing.csproj", "{09955F4B-7FB6-46E7-94D7-232AA08AE48D}"
EndProject
Global
	GlobalSection(SolutionConfigurationPlatforms) = preSolution
		Debug|Any CPU = Debug|Any CPU
		Release|Any CPU = Release|Any CPU
	EndGlobalSection
	GlobalSection(ProjectConfigurationPlatforms) = postSolution
		{325AE08D-EC9E-4552-9600-E54E09451DFE}.Debug|Any CPU.ActiveCfg = Debug|Any CPU
		{325AE08D-EC9E-4552-9600-E54E09451DFE}.Debug|Any CPU.Build.0 = Debug|Any CPU
		{325AE08D-EC9E-4552-9600-E54E09451DFE}.Release|Any CPU.ActiveCfg = Release|Any CPU
		{325AE08D-EC9E-4552-9600-E54E09451DFE}.Release|Any CPU.Build.0 = Release|Any CPU
		{071D215E-94A9-442B-AC90-F4055D913961}.Debug|Any CPU.ActiveCfg = Debug|Any CPU
		{071D215E-94A9-442B-AC90-F4055D913961}.Debug|Any CPU.Build.0 = Debug|Any CPU
		{071D215E-94A9-442B-AC90-F4055D913961}.Release|Any CPU.ActiveCfg = Release|Any CPU
		{071D215E-94A9-442B-AC90-F4055D913961}.Release|Any CPU.Build.0 = Release|Any CPU
		{2A7D5F0D-A80F-46C4-B38A-24503FBC29FA}.Debug|Any CPU.ActiveCfg = Debug|Any CPU
		{2A7D5F0D-A80F-46C4-B38A-24503FBC29FA}.Debug|Any CPU.Build.0 = Debug|Any CPU
		{2A7D5F0D-A80F-46C4-B38A-24503FBC29FA}.Release|Any CPU.ActiveCfg = Release|Any CPU
		{2A7D5F0D-A80F-46C4-B38A-24503FBC29FA}.Release|Any CPU.Build.0 = Release|Any CPU
		{0B273D62-E771-4578-901C-D0B86E34F476}.Debug|Any CPU.ActiveCfg = Debug|Any CPU
		{0B273D62-E771-4578-901C-D0B86E34F476}.Debug|Any CPU.Build.0 = Debug|Any CPU
		{0B273D62-E771-4578-901C-D0B86E34F476}.Release|Any CPU.ActiveCfg = Release|Any CPU
		{0B273D62-E771-4578-901C-D0B86E34F476}.Release|Any CPU.Build.0 = Release|Any CPU
		{09955F4B-7FB6-46E7-94D7-232AA08AE48D}.Debug|Any CPU.ActiveCfg = Debug|Any CPU
		{09955F4B-7FB6-46E7-94D7-232AA08AE48D}.Debug|Any CPU.Build.0 = Debug|Any CPU
		{09955F4B-7FB6-46E7-94D7-232AA08AE48D}.Release|Any CPU.ActiveCfg = Release|Any CPU
		{09955F4B-7FB6-46E7-94D7-232AA08AE48D}.Release|Any CPU.Build.0 = Release|Any CPU
	EndGlobalSection
	GlobalSection(SolutionProperties) = preSolution
		HideSolutionNode = FALSE
	EndGlobalSection
	GlobalSection(ExtensibilityGlobals) = postSolution
		SolutionGuid = {AC4A2FE7-8856-4D69-A985-B00E0E45BFF9}
	EndGlobalSection
EndGlobal
